// !$*UTF8*$!
{
	archiveVersion = 1;
	classes = {
	};
	objectVersion = 56;
	objects = {

/* Begin PBXBuildFile section */
		D311A9E12A436D6F00F36FF2 /* CombineCocoa in Frameworks */ = {isa = PBXBuildFile; productRef = D311A9E02A436D6F00F36FF2 /* CombineCocoa */; };
		D311A9E52A436DBC00F36FF2 /* SnapKit in Frameworks */ = {isa = PBXBuildFile; productRef = D311A9E42A436DBC00F36FF2 /* SnapKit */; };
		D311A9E82A436DFD00F36FF2 /* CombineCocoa in Frameworks */ = {isa = PBXBuildFile; productRef = D311A9E72A436DFD00F36FF2 /* CombineCocoa */; };
		D311A9EB2A436E3700F36FF2 /* SnapshotTesting in Frameworks */ = {isa = PBXBuildFile; productRef = D311A9EA2A436E3700F36FF2 /* SnapshotTesting */; };
		D311A9ED2A436E4C00F36FF2 /* CombineCocoa in Frameworks */ = {isa = PBXBuildFile; productRef = D311A9EC2A436E4C00F36FF2 /* CombineCocoa */; };
		D311A9F02A4371AE00F36FF2 /* LogoView.swift in Sources */ = {isa = PBXBuildFile; fileRef = D311A9EF2A4371AE00F36FF2 /* LogoView.swift */; };
		D311A9F22A4372A800F36FF2 /* ResultView.swift in Sources */ = {isa = PBXBuildFile; fileRef = D311A9F12A4372A800F36FF2 /* ResultView.swift */; };
		D311A9F42A4372C600F36FF2 /* BillInputView.swift in Sources */ = {isa = PBXBuildFile; fileRef = D311A9F32A4372C600F36FF2 /* BillInputView.swift */; };
		D311A9F62A4372EB00F36FF2 /* SplitInputView.swift in Sources */ = {isa = PBXBuildFile; fileRef = D311A9F52A4372EB00F36FF2 /* SplitInputView.swift */; };
		D311A9F82A43730E00F36FF2 /* TipInputView.swift in Sources */ = {isa = PBXBuildFile; fileRef = D311A9F72A43730E00F36FF2 /* TipInputView.swift */; };
		D311A9FB2A4376E000F36FF2 /* ThemeColor.swift in Sources */ = {isa = PBXBuildFile; fileRef = D311A9FA2A4376E000F36FF2 /* ThemeColor.swift */; };
		D311A9FD2A4376F000F36FF2 /* ThemeFont.swift in Sources */ = {isa = PBXBuildFile; fileRef = D311A9FC2A4376F000F36FF2 /* ThemeFont.swift */; };
		D311AA002A43774300F36FF2 /* UIColor+Extension.swift in Sources */ = {isa = PBXBuildFile; fileRef = D311A9FF2A43774300F36FF2 /* UIColor+Extension.swift */; };
		D311AA032A437C1B00F36FF2 /* LabelFactory.swift in Sources */ = {isa = PBXBuildFile; fileRef = D311AA022A437C1B00F36FF2 /* LabelFactory.swift */; };
		D311AA052A43838F00F36FF2 /* UIView+Extension.swift in Sources */ = {isa = PBXBuildFile; fileRef = D311AA042A43838F00F36FF2 /* UIView+Extension.swift */; };
		D31D06312A4D910200835771 /* CalculatorVM.swift in Sources */ = {isa = PBXBuildFile; fileRef = D31D06302A4D910200835771 /* CalculatorVM.swift */; };
		D31D06332A4D92A100835771 /* Result.swift in Sources */ = {isa = PBXBuildFile; fileRef = D31D06322A4D92A100835771 /* Result.swift */; };
		D3C2968A2A4C2F3400B44FDE /* Tip.swift in Sources */ = {isa = PBXBuildFile; fileRef = D3C296892A4C2F3400B44FDE /* Tip.swift */; };
		D3C2968C2A4C2F7D00B44FDE /* HeaderView.swift in Sources */ = {isa = PBXBuildFile; fileRef = D3C2968B2A4C2F7D00B44FDE /* HeaderView.swift */; };
		D3D2C9102A4DB70500290FB3 /* UIResponder+Extension.swift in Sources */ = {isa = PBXBuildFile; fileRef = D3D2C90F2A4DB70500290FB3 /* UIResponder+Extension.swift */; };
		D3D2C9122A4DC04400290FB3 /* Int+Extension.swift in Sources */ = {isa = PBXBuildFile; fileRef = D3D2C9112A4DC04300290FB3 /* Int+Extension.swift */; };
		D3E17B202A43530F007ED69B /* AppDelegate.swift in Sources */ = {isa = PBXBuildFile; fileRef = D3E17B1F2A43530F007ED69B /* AppDelegate.swift */; };
		D3E17B222A43530F007ED69B /* SceneDelegate.swift in Sources */ = {isa = PBXBuildFile; fileRef = D3E17B212A43530F007ED69B /* SceneDelegate.swift */; };
		D3E17B242A43530F007ED69B /* CalculatorVC.swift in Sources */ = {isa = PBXBuildFile; fileRef = D3E17B232A43530F007ED69B /* CalculatorVC.swift */; };
		D3E17B292A435313007ED69B /* Assets.xcassets in Resources */ = {isa = PBXBuildFile; fileRef = D3E17B282A435313007ED69B /* Assets.xcassets */; };
		D3E17B2C2A435313007ED69B /* LaunchScreen.storyboard in Resources */ = {isa = PBXBuildFile; fileRef = D3E17B2A2A435313007ED69B /* LaunchScreen.storyboard */; };
		D3E17B372A435315007ED69B /* tip_calculatorTests.swift in Sources */ = {isa = PBXBuildFile; fileRef = D3E17B362A435315007ED69B /* tip_calculatorTests.swift */; };
		D3E17B412A435315007ED69B /* tip_calculatorUITests.swift in Sources */ = {isa = PBXBuildFile; fileRef = D3E17B402A435315007ED69B /* tip_calculatorUITests.swift */; };
		D3E17B432A435315007ED69B /* tip_calculatorUITestsLaunchTests.swift in Sources */ = {isa = PBXBuildFile; fileRef = D3E17B422A435315007ED69B /* tip_calculatorUITestsLaunchTests.swift */; };
		D3EB0EAB2A4DA44400E873F5 /* String+Extension.swift in Sources */ = {isa = PBXBuildFile; fileRef = D3EB0EAA2A4DA44400E873F5 /* String+Extension.swift */; };
		D3F5A8312A4B0FC900186866 /* AmountView.swift in Sources */ = {isa = PBXBuildFile; fileRef = D3F5A8302A4B0FC900186866 /* AmountView.swift */; };
/* End PBXBuildFile section */

/* Begin PBXContainerItemProxy section */
		D3E17B332A435315007ED69B /* PBXContainerItemProxy */ = {
			isa = PBXContainerItemProxy;
			containerPortal = D3E17B142A43530F007ED69B /* Project object */;
			proxyType = 1;
			remoteGlobalIDString = D3E17B1B2A43530F007ED69B;
			remoteInfo = "tip-calculator";
		};
		D3E17B3D2A435315007ED69B /* PBXContainerItemProxy */ = {
			isa = PBXContainerItemProxy;
			containerPortal = D3E17B142A43530F007ED69B /* Project object */;
			proxyType = 1;
			remoteGlobalIDString = D3E17B1B2A43530F007ED69B;
			remoteInfo = "tip-calculator";
		};
/* End PBXContainerItemProxy section */

/* Begin PBXFileReference section */
		D311A9EF2A4371AE00F36FF2 /* LogoView.swift */ = {isa = PBXFileReference; lastKnownFileType = sourcecode.swift; path = LogoView.swift; sourceTree = "<group>"; };
		D311A9F12A4372A800F36FF2 /* ResultView.swift */ = {isa = PBXFileReference; lastKnownFileType = sourcecode.swift; path = ResultView.swift; sourceTree = "<group>"; };
		D311A9F32A4372C600F36FF2 /* BillInputView.swift */ = {isa = PBXFileReference; lastKnownFileType = sourcecode.swift; path = BillInputView.swift; sourceTree = "<group>"; };
		D311A9F52A4372EB00F36FF2 /* SplitInputView.swift */ = {isa = PBXFileReference; lastKnownFileType = sourcecode.swift; path = SplitInputView.swift; sourceTree = "<group>"; };
		D311A9F72A43730E00F36FF2 /* TipInputView.swift */ = {isa = PBXFileReference; lastKnownFileType = sourcecode.swift; path = TipInputView.swift; sourceTree = "<group>"; };
		D311A9FA2A4376E000F36FF2 /* ThemeColor.swift */ = {isa = PBXFileReference; lastKnownFileType = sourcecode.swift; path = ThemeColor.swift; sourceTree = "<group>"; };
		D311A9FC2A4376F000F36FF2 /* ThemeFont.swift */ = {isa = PBXFileReference; lastKnownFileType = sourcecode.swift; path = ThemeFont.swift; sourceTree = "<group>"; };
		D311A9FF2A43774300F36FF2 /* UIColor+Extension.swift */ = {isa = PBXFileReference; lastKnownFileType = sourcecode.swift; path = "UIColor+Extension.swift"; sourceTree = "<group>"; };
		D311AA022A437C1B00F36FF2 /* LabelFactory.swift */ = {isa = PBXFileReference; lastKnownFileType = sourcecode.swift; path = LabelFactory.swift; sourceTree = "<group>"; };
		D311AA042A43838F00F36FF2 /* UIView+Extension.swift */ = {isa = PBXFileReference; lastKnownFileType = sourcecode.swift; path = "UIView+Extension.swift"; sourceTree = "<group>"; };
		D31D06302A4D910200835771 /* CalculatorVM.swift */ = {isa = PBXFileReference; lastKnownFileType = sourcecode.swift; path = CalculatorVM.swift; sourceTree = "<group>"; };
		D31D06322A4D92A100835771 /* Result.swift */ = {isa = PBXFileReference; lastKnownFileType = sourcecode.swift; path = Result.swift; sourceTree = "<group>"; };
		D3C296892A4C2F3400B44FDE /* Tip.swift */ = {isa = PBXFileReference; lastKnownFileType = sourcecode.swift; path = Tip.swift; sourceTree = "<group>"; };
		D3C2968B2A4C2F7D00B44FDE /* HeaderView.swift */ = {isa = PBXFileReference; lastKnownFileType = sourcecode.swift; path = HeaderView.swift; sourceTree = "<group>"; };
		D3D2C90F2A4DB70500290FB3 /* UIResponder+Extension.swift */ = {isa = PBXFileReference; lastKnownFileType = sourcecode.swift; path = "UIResponder+Extension.swift"; sourceTree = "<group>"; };
		D3D2C9112A4DC04300290FB3 /* Int+Extension.swift */ = {isa = PBXFileReference; lastKnownFileType = sourcecode.swift; path = "Int+Extension.swift"; sourceTree = "<group>"; };
		D3E17B1C2A43530F007ED69B /* tip-calculator.app */ = {isa = PBXFileReference; explicitFileType = wrapper.application; includeInIndex = 0; path = "tip-calculator.app"; sourceTree = BUILT_PRODUCTS_DIR; };
		D3E17B1F2A43530F007ED69B /* AppDelegate.swift */ = {isa = PBXFileReference; lastKnownFileType = sourcecode.swift; path = AppDelegate.swift; sourceTree = "<group>"; };
		D3E17B212A43530F007ED69B /* SceneDelegate.swift */ = {isa = PBXFileReference; lastKnownFileType = sourcecode.swift; path = SceneDelegate.swift; sourceTree = "<group>"; };
		D3E17B232A43530F007ED69B /* CalculatorVC.swift */ = {isa = PBXFileReference; lastKnownFileType = sourcecode.swift; path = CalculatorVC.swift; sourceTree = "<group>"; };
		D3E17B282A435313007ED69B /* Assets.xcassets */ = {isa = PBXFileReference; lastKnownFileType = folder.assetcatalog; path = Assets.xcassets; sourceTree = "<group>"; };
		D3E17B2B2A435313007ED69B /* Base */ = {isa = PBXFileReference; lastKnownFileType = file.storyboard; name = Base; path = Base.lproj/LaunchScreen.storyboard; sourceTree = "<group>"; };
		D3E17B2D2A435313007ED69B /* Info.plist */ = {isa = PBXFileReference; lastKnownFileType = text.plist.xml; path = Info.plist; sourceTree = "<group>"; };
		D3E17B322A435315007ED69B /* tip-calculatorTests.xctest */ = {isa = PBXFileReference; explicitFileType = wrapper.cfbundle; includeInIndex = 0; path = "tip-calculatorTests.xctest"; sourceTree = BUILT_PRODUCTS_DIR; };
		D3E17B362A435315007ED69B /* tip_calculatorTests.swift */ = {isa = PBXFileReference; lastKnownFileType = sourcecode.swift; path = tip_calculatorTests.swift; sourceTree = "<group>"; };
		D3E17B3C2A435315007ED69B /* tip-calculatorUITests.xctest */ = {isa = PBXFileReference; explicitFileType = wrapper.cfbundle; includeInIndex = 0; path = "tip-calculatorUITests.xctest"; sourceTree = BUILT_PRODUCTS_DIR; };
		D3E17B402A435315007ED69B /* tip_calculatorUITests.swift */ = {isa = PBXFileReference; lastKnownFileType = sourcecode.swift; path = tip_calculatorUITests.swift; sourceTree = "<group>"; };
		D3E17B422A435315007ED69B /* tip_calculatorUITestsLaunchTests.swift */ = {isa = PBXFileReference; lastKnownFileType = sourcecode.swift; path = tip_calculatorUITestsLaunchTests.swift; sourceTree = "<group>"; };
		D3EB0EAA2A4DA44400E873F5 /* String+Extension.swift */ = {isa = PBXFileReference; lastKnownFileType = sourcecode.swift; path = "String+Extension.swift"; sourceTree = "<group>"; };
		D3F5A8302A4B0FC900186866 /* AmountView.swift */ = {isa = PBXFileReference; lastKnownFileType = sourcecode.swift; path = AmountView.swift; sourceTree = "<group>"; };
/* End PBXFileReference section */

/* Begin PBXFrameworksBuildPhase section */
		D3E17B192A43530F007ED69B /* Frameworks */ = {
			isa = PBXFrameworksBuildPhase;
			buildActionMask = 2147483647;
			files = (
				D311A9E12A436D6F00F36FF2 /* CombineCocoa in Frameworks */,
				D311A9E52A436DBC00F36FF2 /* SnapKit in Frameworks */,
			);
			runOnlyForDeploymentPostprocessing = 0;
		};
		D3E17B2F2A435315007ED69B /* Frameworks */ = {
			isa = PBXFrameworksBuildPhase;
			buildActionMask = 2147483647;
			files = (
				D311A9E82A436DFD00F36FF2 /* CombineCocoa in Frameworks */,
				D311A9EB2A436E3700F36FF2 /* SnapshotTesting in Frameworks */,
			);
			runOnlyForDeploymentPostprocessing = 0;
		};
		D3E17B392A435315007ED69B /* Frameworks */ = {
			isa = PBXFrameworksBuildPhase;
			buildActionMask = 2147483647;
			files = (
				D311A9ED2A436E4C00F36FF2 /* CombineCocoa in Frameworks */,
			);
			runOnlyForDeploymentPostprocessing = 0;
		};
/* End PBXFrameworksBuildPhase section */

/* Begin PBXGroup section */
		D311A9E62A436DFD00F36FF2 /* Frameworks */ = {
			isa = PBXGroup;
			children = (
			);
			name = Frameworks;
			sourceTree = "<group>";
		};
		D311A9EE2A43719D00F36FF2 /* View */ = {
			isa = PBXGroup;
			children = (
				D311A9EF2A4371AE00F36FF2 /* LogoView.swift */,
				D311A9F12A4372A800F36FF2 /* ResultView.swift */,
				D311A9F32A4372C600F36FF2 /* BillInputView.swift */,
				D311A9F52A4372EB00F36FF2 /* SplitInputView.swift */,
				D311A9F72A43730E00F36FF2 /* TipInputView.swift */,
				D3F5A8302A4B0FC900186866 /* AmountView.swift */,
				D3C2968B2A4C2F7D00B44FDE /* HeaderView.swift */,
			);
			path = View;
			sourceTree = "<group>";
		};
		D311A9F92A4376CB00F36FF2 /* Config */ = {
			isa = PBXGroup;
			children = (
				D311A9FA2A4376E000F36FF2 /* ThemeColor.swift */,
				D311A9FC2A4376F000F36FF2 /* ThemeFont.swift */,
			);
			path = Config;
			sourceTree = "<group>";
		};
		D311A9FE2A43771F00F36FF2 /* Extension */ = {
			isa = PBXGroup;
			children = (
				D311A9FF2A43774300F36FF2 /* UIColor+Extension.swift */,
				D311AA042A43838F00F36FF2 /* UIView+Extension.swift */,
				D3EB0EAA2A4DA44400E873F5 /* String+Extension.swift */,
				D3D2C90F2A4DB70500290FB3 /* UIResponder+Extension.swift */,
				D3D2C9112A4DC04300290FB3 /* Int+Extension.swift */,
			);
			path = Extension;
			sourceTree = "<group>";
		};
		D311AA012A437C0700F36FF2 /* Factory */ = {
			isa = PBXGroup;
			children = (
				D311AA022A437C1B00F36FF2 /* LabelFactory.swift */,
			);
			path = Factory;
			sourceTree = "<group>";
		};
		D31D062F2A4D90DF00835771 /* ViewModel */ = {
			isa = PBXGroup;
			children = (
				D31D06302A4D910200835771 /* CalculatorVM.swift */,
			);
			path = ViewModel;
			sourceTree = "<group>";
		};
		D3C296882A4C2F2700B44FDE /* Model */ = {
			isa = PBXGroup;
			children = (
				D3C296892A4C2F3400B44FDE /* Tip.swift */,
				D31D06322A4D92A100835771 /* Result.swift */,
			);
			path = Model;
			sourceTree = "<group>";
		};
		D3E17B132A43530F007ED69B = {
			isa = PBXGroup;
			children = (
				D3E17B1E2A43530F007ED69B /* tip-calculator */,
				D3E17B352A435315007ED69B /* tip-calculatorTests */,
				D3E17B3F2A435315007ED69B /* tip-calculatorUITests */,
				D3E17B1D2A43530F007ED69B /* Products */,
				D311A9E62A436DFD00F36FF2 /* Frameworks */,
			);
			sourceTree = "<group>";
		};
		D3E17B1D2A43530F007ED69B /* Products */ = {
			isa = PBXGroup;
			children = (
				D3E17B1C2A43530F007ED69B /* tip-calculator.app */,
				D3E17B322A435315007ED69B /* tip-calculatorTests.xctest */,
				D3E17B3C2A435315007ED69B /* tip-calculatorUITests.xctest */,
			);
			name = Products;
			sourceTree = "<group>";
		};
		D3E17B1E2A43530F007ED69B /* tip-calculator */ = {
			isa = PBXGroup;
			children = (
				D31D062F2A4D90DF00835771 /* ViewModel */,
				D3C296882A4C2F2700B44FDE /* Model */,
				D311AA012A437C0700F36FF2 /* Factory */,
				D311A9FE2A43771F00F36FF2 /* Extension */,
				D311A9F92A4376CB00F36FF2 /* Config */,
				D311A9EE2A43719D00F36FF2 /* View */,
				D3E17B1F2A43530F007ED69B /* AppDelegate.swift */,
				D3E17B212A43530F007ED69B /* SceneDelegate.swift */,
				D3E17B232A43530F007ED69B /* CalculatorVC.swift */,
				D3E17B282A435313007ED69B /* Assets.xcassets */,
				D3E17B2A2A435313007ED69B /* LaunchScreen.storyboard */,
				D3E17B2D2A435313007ED69B /* Info.plist */,
			);
			path = "tip-calculator";
			sourceTree = "<group>";
		};
		D3E17B352A435315007ED69B /* tip-calculatorTests */ = {
			isa = PBXGroup;
			children = (
				D3E17B362A435315007ED69B /* tip_calculatorTests.swift */,
			);
			path = "tip-calculatorTests";
			sourceTree = "<group>";
		};
		D3E17B3F2A435315007ED69B /* tip-calculatorUITests */ = {
			isa = PBXGroup;
			children = (
				D3E17B402A435315007ED69B /* tip_calculatorUITests.swift */,
				D3E17B422A435315007ED69B /* tip_calculatorUITestsLaunchTests.swift */,
			);
			path = "tip-calculatorUITests";
			sourceTree = "<group>";
		};
/* End PBXGroup section */

/* Begin PBXNativeTarget section */
		D3E17B1B2A43530F007ED69B /* tip-calculator */ = {
			isa = PBXNativeTarget;
			buildConfigurationList = D3E17B462A435315007ED69B /* Build configuration list for PBXNativeTarget "tip-calculator" */;
			buildPhases = (
				D3E17B182A43530F007ED69B /* Sources */,
				D3E17B192A43530F007ED69B /* Frameworks */,
				D3E17B1A2A43530F007ED69B /* Resources */,
			);
			buildRules = (
			);
			dependencies = (
			);
			name = "tip-calculator";
			packageProductDependencies = (
				D311A9E02A436D6F00F36FF2 /* CombineCocoa */,
				D311A9E42A436DBC00F36FF2 /* SnapKit */,
			);
			productName = "tip-calculator";
			productReference = D3E17B1C2A43530F007ED69B /* tip-calculator.app */;
			productType = "com.apple.product-type.application";
		};
		D3E17B312A435315007ED69B /* tip-calculatorTests */ = {
			isa = PBXNativeTarget;
			buildConfigurationList = D3E17B492A435315007ED69B /* Build configuration list for PBXNativeTarget "tip-calculatorTests" */;
			buildPhases = (
				D3E17B2E2A435315007ED69B /* Sources */,
				D3E17B2F2A435315007ED69B /* Frameworks */,
				D3E17B302A435315007ED69B /* Resources */,
			);
			buildRules = (
			);
			dependencies = (
				D3E17B342A435315007ED69B /* PBXTargetDependency */,
			);
			name = "tip-calculatorTests";
			packageProductDependencies = (
				D311A9E72A436DFD00F36FF2 /* CombineCocoa */,
				D311A9EA2A436E3700F36FF2 /* SnapshotTesting */,
			);
			productName = "tip-calculatorTests";
			productReference = D3E17B322A435315007ED69B /* tip-calculatorTests.xctest */;
			productType = "com.apple.product-type.bundle.unit-test";
		};
		D3E17B3B2A435315007ED69B /* tip-calculatorUITests */ = {
			isa = PBXNativeTarget;
			buildConfigurationList = D3E17B4C2A435315007ED69B /* Build configuration list for PBXNativeTarget "tip-calculatorUITests" */;
			buildPhases = (
				D3E17B382A435315007ED69B /* Sources */,
				D3E17B392A435315007ED69B /* Frameworks */,
				D3E17B3A2A435315007ED69B /* Resources */,
			);
			buildRules = (
			);
			dependencies = (
				D3E17B3E2A435315007ED69B /* PBXTargetDependency */,
			);
			name = "tip-calculatorUITests";
			packageProductDependencies = (
				D311A9EC2A436E4C00F36FF2 /* CombineCocoa */,
			);
			productName = "tip-calculatorUITests";
			productReference = D3E17B3C2A435315007ED69B /* tip-calculatorUITests.xctest */;
			productType = "com.apple.product-type.bundle.ui-testing";
		};
/* End PBXNativeTarget section */

/* Begin PBXProject section */
		D3E17B142A43530F007ED69B /* Project object */ = {
			isa = PBXProject;
			attributes = {
				BuildIndependentTargetsInParallel = 1;
				LastSwiftUpdateCheck = 1430;
				LastUpgradeCheck = 1500;
				TargetAttributes = {
					D3E17B1B2A43530F007ED69B = {
						CreatedOnToolsVersion = 14.3.1;
					};
					D3E17B312A435315007ED69B = {
						CreatedOnToolsVersion = 14.3.1;
						TestTargetID = D3E17B1B2A43530F007ED69B;
					};
					D3E17B3B2A435315007ED69B = {
						CreatedOnToolsVersion = 14.3.1;
						TestTargetID = D3E17B1B2A43530F007ED69B;
					};
				};
			};
			buildConfigurationList = D3E17B172A43530F007ED69B /* Build configuration list for PBXProject "tip-calculator" */;
			compatibilityVersion = "Xcode 14.0";
			developmentRegion = en;
			hasScannedForEncodings = 0;
			knownRegions = (
				en,
				Base,
			);
			mainGroup = D3E17B132A43530F007ED69B;
			packageReferences = (
				D311A9DF2A436D6F00F36FF2 /* XCRemoteSwiftPackageReference "CombineCocoa" */,
				D311A9E32A436DBC00F36FF2 /* XCRemoteSwiftPackageReference "SnapKit" */,
				D311A9E92A436E3700F36FF2 /* XCRemoteSwiftPackageReference "swift-snapshot-testing" */,
			);
			productRefGroup = D3E17B1D2A43530F007ED69B /* Products */;
			projectDirPath = "";
			projectRoot = "";
			targets = (
				D3E17B1B2A43530F007ED69B /* tip-calculator */,
				D3E17B312A435315007ED69B /* tip-calculatorTests */,
				D3E17B3B2A435315007ED69B /* tip-calculatorUITests */,
			);
		};
/* End PBXProject section */

/* Begin PBXResourcesBuildPhase section */
		D3E17B1A2A43530F007ED69B /* Resources */ = {
			isa = PBXResourcesBuildPhase;
			buildActionMask = 2147483647;
			files = (
				D3E17B2C2A435313007ED69B /* LaunchScreen.storyboard in Resources */,
				D3E17B292A435313007ED69B /* Assets.xcassets in Resources */,
			);
			runOnlyForDeploymentPostprocessing = 0;
		};
		D3E17B302A435315007ED69B /* Resources */ = {
			isa = PBXResourcesBuildPhase;
			buildActionMask = 2147483647;
			files = (
			);
			runOnlyForDeploymentPostprocessing = 0;
		};
		D3E17B3A2A435315007ED69B /* Resources */ = {
			isa = PBXResourcesBuildPhase;
			buildActionMask = 2147483647;
			files = (
			);
			runOnlyForDeploymentPostprocessing = 0;
		};
/* End PBXResourcesBuildPhase section */

/* Begin PBXSourcesBuildPhase section */
		D3E17B182A43530F007ED69B /* Sources */ = {
			isa = PBXSourcesBuildPhase;
			buildActionMask = 2147483647;
			files = (
				D31D06332A4D92A100835771 /* Result.swift in Sources */,
				D31D06312A4D910200835771 /* CalculatorVM.swift in Sources */,
				D3D2C9102A4DB70500290FB3 /* UIResponder+Extension.swift in Sources */,
				D3D2C9122A4DC04400290FB3 /* Int+Extension.swift in Sources */,
				D3F5A8312A4B0FC900186866 /* AmountView.swift in Sources */,
				D3E17B242A43530F007ED69B /* CalculatorVC.swift in Sources */,
				D311AA052A43838F00F36FF2 /* UIView+Extension.swift in Sources */,
				D311A9F02A4371AE00F36FF2 /* LogoView.swift in Sources */,
				D311A9FB2A4376E000F36FF2 /* ThemeColor.swift in Sources */,
				D311AA002A43774300F36FF2 /* UIColor+Extension.swift in Sources */,
				D311A9F42A4372C600F36FF2 /* BillInputView.swift in Sources */,
				D311A9F62A4372EB00F36FF2 /* SplitInputView.swift in Sources */,
				D311A9F22A4372A800F36FF2 /* ResultView.swift in Sources */,
				D3EB0EAB2A4DA44400E873F5 /* String+Extension.swift in Sources */,
				D311A9FD2A4376F000F36FF2 /* ThemeFont.swift in Sources */,
				D311A9F82A43730E00F36FF2 /* TipInputView.swift in Sources */,
				D311AA032A437C1B00F36FF2 /* LabelFactory.swift in Sources */,
				D3C2968A2A4C2F3400B44FDE /* Tip.swift in Sources */,
				D3E17B202A43530F007ED69B /* AppDelegate.swift in Sources */,
				D3E17B222A43530F007ED69B /* SceneDelegate.swift in Sources */,
				D3C2968C2A4C2F7D00B44FDE /* HeaderView.swift in Sources */,
			);
			runOnlyForDeploymentPostprocessing = 0;
		};
		D3E17B2E2A435315007ED69B /* Sources */ = {
			isa = PBXSourcesBuildPhase;
			buildActionMask = 2147483647;
			files = (
				D3E17B372A435315007ED69B /* tip_calculatorTests.swift in Sources */,
			);
			runOnlyForDeploymentPostprocessing = 0;
		};
		D3E17B382A435315007ED69B /* Sources */ = {
			isa = PBXSourcesBuildPhase;
			buildActionMask = 2147483647;
			files = (
				D3E17B432A435315007ED69B /* tip_calculatorUITestsLaunchTests.swift in Sources */,
				D3E17B412A435315007ED69B /* tip_calculatorUITests.swift in Sources */,
			);
			runOnlyForDeploymentPostprocessing = 0;
		};
/* End PBXSourcesBuildPhase section */

/* Begin PBXTargetDependency section */
		D3E17B342A435315007ED69B /* PBXTargetDependency */ = {
			isa = PBXTargetDependency;
			target = D3E17B1B2A43530F007ED69B /* tip-calculator */;
			targetProxy = D3E17B332A435315007ED69B /* PBXContainerItemProxy */;
		};
		D3E17B3E2A435315007ED69B /* PBXTargetDependency */ = {
			isa = PBXTargetDependency;
			target = D3E17B1B2A43530F007ED69B /* tip-calculator */;
			targetProxy = D3E17B3D2A435315007ED69B /* PBXContainerItemProxy */;
		};
/* End PBXTargetDependency section */

/* Begin PBXVariantGroup section */
		D3E17B2A2A435313007ED69B /* LaunchScreen.storyboard */ = {
			isa = PBXVariantGroup;
			children = (
				D3E17B2B2A435313007ED69B /* Base */,
			);
			name = LaunchScreen.storyboard;
			sourceTree = "<group>";
		};
/* End PBXVariantGroup section */

/* Begin XCBuildConfiguration section */
		D3E17B442A435315007ED69B /* Debug */ = {
			isa = XCBuildConfiguration;
			buildSettings = {
				ALWAYS_SEARCH_USER_PATHS = NO;
				CLANG_ANALYZER_NONNULL = YES;
				CLANG_ANALYZER_NUMBER_OBJECT_CONVERSION = YES_AGGRESSIVE;
				CLANG_CXX_LANGUAGE_STANDARD = "gnu++20";
				CLANG_ENABLE_MODULES = YES;
				CLANG_ENABLE_OBJC_ARC = YES;
				CLANG_ENABLE_OBJC_WEAK = YES;
				CLANG_WARN_BLOCK_CAPTURE_AUTORELEASING = YES;
				CLANG_WARN_BOOL_CONVERSION = YES;
				CLANG_WARN_COMMA = YES;
				CLANG_WARN_CONSTANT_CONVERSION = YES;
				CLANG_WARN_DEPRECATED_OBJC_IMPLEMENTATIONS = YES;
				CLANG_WARN_DIRECT_OBJC_ISA_USAGE = YES_ERROR;
				CLANG_WARN_DOCUMENTATION_COMMENTS = YES;
				CLANG_WARN_EMPTY_BODY = YES;
				CLANG_WARN_ENUM_CONVERSION = YES;
				CLANG_WARN_INFINITE_RECURSION = YES;
				CLANG_WARN_INT_CONVERSION = YES;
				CLANG_WARN_NON_LITERAL_NULL_CONVERSION = YES;
				CLANG_WARN_OBJC_IMPLICIT_RETAIN_SELF = YES;
				CLANG_WARN_OBJC_LITERAL_CONVERSION = YES;
				CLANG_WARN_OBJC_ROOT_CLASS = YES_ERROR;
				CLANG_WARN_QUOTED_INCLUDE_IN_FRAMEWORK_HEADER = YES;
				CLANG_WARN_RANGE_LOOP_ANALYSIS = YES;
				CLANG_WARN_STRICT_PROTOTYPES = YES;
				CLANG_WARN_SUSPICIOUS_MOVE = YES;
				CLANG_WARN_UNGUARDED_AVAILABILITY = YES_AGGRESSIVE;
				CLANG_WARN_UNREACHABLE_CODE = YES;
				CLANG_WARN__DUPLICATE_METHOD_MATCH = YES;
				COPY_PHASE_STRIP = NO;
				DEBUG_INFORMATION_FORMAT = dwarf;
				ENABLE_STRICT_OBJC_MSGSEND = YES;
				ENABLE_TESTABILITY = YES;
				ENABLE_USER_SCRIPT_SANDBOXING = YES;
				GCC_C_LANGUAGE_STANDARD = gnu11;
				GCC_DYNAMIC_NO_PIC = NO;
				GCC_NO_COMMON_BLOCKS = YES;
				GCC_OPTIMIZATION_LEVEL = 0;
				GCC_PREPROCESSOR_DEFINITIONS = (
					"DEBUG=1",
					"$(inherited)",
				);
				GCC_WARN_64_TO_32_BIT_CONVERSION = YES;
				GCC_WARN_ABOUT_RETURN_TYPE = YES_ERROR;
				GCC_WARN_UNDECLARED_SELECTOR = YES;
				GCC_WARN_UNINITIALIZED_AUTOS = YES_AGGRESSIVE;
				GCC_WARN_UNUSED_FUNCTION = YES;
				GCC_WARN_UNUSED_VARIABLE = YES;
				IPHONEOS_DEPLOYMENT_TARGET = 16.4;
				MTL_ENABLE_DEBUG_INFO = INCLUDE_SOURCE;
				MTL_FAST_MATH = YES;
				ONLY_ACTIVE_ARCH = YES;
				SDKROOT = iphoneos;
				SWIFT_ACTIVE_COMPILATION_CONDITIONS = DEBUG;
				SWIFT_OPTIMIZATION_LEVEL = "-Onone";
			};
			name = Debug;
		};
		D3E17B452A435315007ED69B /* Release */ = {
			isa = XCBuildConfiguration;
			buildSettings = {
				ALWAYS_SEARCH_USER_PATHS = NO;
				CLANG_ANALYZER_NONNULL = YES;
				CLANG_ANALYZER_NUMBER_OBJECT_CONVERSION = YES_AGGRESSIVE;
				CLANG_CXX_LANGUAGE_STANDARD = "gnu++20";
				CLANG_ENABLE_MODULES = YES;
				CLANG_ENABLE_OBJC_ARC = YES;
				CLANG_ENABLE_OBJC_WEAK = YES;
				CLANG_WARN_BLOCK_CAPTURE_AUTORELEASING = YES;
				CLANG_WARN_BOOL_CONVERSION = YES;
				CLANG_WARN_COMMA = YES;
				CLANG_WARN_CONSTANT_CONVERSION = YES;
				CLANG_WARN_DEPRECATED_OBJC_IMPLEMENTATIONS = YES;
				CLANG_WARN_DIRECT_OBJC_ISA_USAGE = YES_ERROR;
				CLANG_WARN_DOCUMENTATION_COMMENTS = YES;
				CLANG_WARN_EMPTY_BODY = YES;
				CLANG_WARN_ENUM_CONVERSION = YES;
				CLANG_WARN_INFINITE_RECURSION = YES;
				CLANG_WARN_INT_CONVERSION = YES;
				CLANG_WARN_NON_LITERAL_NULL_CONVERSION = YES;
				CLANG_WARN_OBJC_IMPLICIT_RETAIN_SELF = YES;
				CLANG_WARN_OBJC_LITERAL_CONVERSION = YES;
				CLANG_WARN_OBJC_ROOT_CLASS = YES_ERROR;
				CLANG_WARN_QUOTED_INCLUDE_IN_FRAMEWORK_HEADER = YES;
				CLANG_WARN_RANGE_LOOP_ANALYSIS = YES;
				CLANG_WARN_STRICT_PROTOTYPES = YES;
				CLANG_WARN_SUSPICIOUS_MOVE = YES;
				CLANG_WARN_UNGUARDED_AVAILABILITY = YES_AGGRESSIVE;
				CLANG_WARN_UNREACHABLE_CODE = YES;
				CLANG_WARN__DUPLICATE_METHOD_MATCH = YES;
				COPY_PHASE_STRIP = NO;
				DEBUG_INFORMATION_FORMAT = "dwarf-with-dsym";
				ENABLE_NS_ASSERTIONS = NO;
				ENABLE_STRICT_OBJC_MSGSEND = YES;
				ENABLE_USER_SCRIPT_SANDBOXING = YES;
				GCC_C_LANGUAGE_STANDARD = gnu11;
				GCC_NO_COMMON_BLOCKS = YES;
				GCC_WARN_64_TO_32_BIT_CONVERSION = YES;
				GCC_WARN_ABOUT_RETURN_TYPE = YES_ERROR;
				GCC_WARN_UNDECLARED_SELECTOR = YES;
				GCC_WARN_UNINITIALIZED_AUTOS = YES_AGGRESSIVE;
				GCC_WARN_UNUSED_FUNCTION = YES;
				GCC_WARN_UNUSED_VARIABLE = YES;
				IPHONEOS_DEPLOYMENT_TARGET = 16.4;
				MTL_ENABLE_DEBUG_INFO = NO;
				MTL_FAST_MATH = YES;
				SDKROOT = iphoneos;
				SWIFT_COMPILATION_MODE = wholemodule;
				SWIFT_OPTIMIZATION_LEVEL = "-O";
				VALIDATE_PRODUCT = YES;
			};
			name = Release;
		};
		D3E17B472A435315007ED69B /* Debug */ = {
			isa = XCBuildConfiguration;
			buildSettings = {
				ASSETCATALOG_COMPILER_APPICON_NAME = AppIcon;
				ASSETCATALOG_COMPILER_GLOBAL_ACCENT_COLOR_NAME = AccentColor;
				CODE_SIGN_STYLE = Automatic;
				CURRENT_PROJECT_VERSION = 1;
				DEVELOPMENT_TEAM = V6FC2DVK94;
				GENERATE_INFOPLIST_FILE = YES;
				INFOPLIST_FILE = "tip-calculator/Info.plist";
				INFOPLIST_KEY_UIApplicationSupportsIndirectInputEvents = YES;
				INFOPLIST_KEY_UILaunchStoryboardName = LaunchScreen;
				INFOPLIST_KEY_UISupportedInterfaceOrientations_iPad = "UIInterfaceOrientationPortrait UIInterfaceOrientationPortraitUpsideDown UIInterfaceOrientationLandscapeLeft UIInterfaceOrientationLandscapeRight";
				INFOPLIST_KEY_UISupportedInterfaceOrientations_iPhone = "UIInterfaceOrientationPortrait UIInterfaceOrientationLandscapeLeft UIInterfaceOrientationLandscapeRight";
				LD_RUNPATH_SEARCH_PATHS = (
					"$(inherited)",
					"@executable_path/Frameworks",
				);
				MARKETING_VERSION = 1.0;
				PRODUCT_BUNDLE_IDENTIFIER = "com.yasha424.tip-calculator";
				PRODUCT_NAME = "$(TARGET_NAME)";
				SWIFT_EMIT_LOC_STRINGS = YES;
				SWIFT_VERSION = 5.0;
				TARGETED_DEVICE_FAMILY = "1,2";
			};
			name = Debug;
		};
		D3E17B482A435315007ED69B /* Release */ = {
			isa = XCBuildConfiguration;
			buildSettings = {
				ASSETCATALOG_COMPILER_APPICON_NAME = AppIcon;
				ASSETCATALOG_COMPILER_GLOBAL_ACCENT_COLOR_NAME = AccentColor;
				CODE_SIGN_STYLE = Automatic;
				CURRENT_PROJECT_VERSION = 1;
				DEVELOPMENT_TEAM = V6FC2DVK94;
				GENERATE_INFOPLIST_FILE = YES;
				INFOPLIST_FILE = "tip-calculator/Info.plist";
				INFOPLIST_KEY_UIApplicationSupportsIndirectInputEvents = YES;
				INFOPLIST_KEY_UILaunchStoryboardName = LaunchScreen;
				INFOPLIST_KEY_UISupportedInterfaceOrientations_iPad = "UIInterfaceOrientationPortrait UIInterfaceOrientationPortraitUpsideDown UIInterfaceOrientationLandscapeLeft UIInterfaceOrientationLandscapeRight";
				INFOPLIST_KEY_UISupportedInterfaceOrientations_iPhone = "UIInterfaceOrientationPortrait UIInterfaceOrientationLandscapeLeft UIInterfaceOrientationLandscapeRight";
				LD_RUNPATH_SEARCH_PATHS = (
					"$(inherited)",
					"@executable_path/Frameworks",
				);
				MARKETING_VERSION = 1.0;
				PRODUCT_BUNDLE_IDENTIFIER = "com.yasha424.tip-calculator";
				PRODUCT_NAME = "$(TARGET_NAME)";
				SWIFT_EMIT_LOC_STRINGS = YES;
				SWIFT_VERSION = 5.0;
				TARGETED_DEVICE_FAMILY = "1,2";
			};
			name = Release;
		};
		D3E17B4A2A435315007ED69B /* Debug */ = {
			isa = XCBuildConfiguration;
			buildSettings = {
				ALWAYS_EMBED_SWIFT_STANDARD_LIBRARIES = YES;
				BUNDLE_LOADER = "$(TEST_HOST)";
				CODE_SIGN_STYLE = Automatic;
				CURRENT_PROJECT_VERSION = 1;
				DEVELOPMENT_TEAM = V6FC2DVK94;
				GENERATE_INFOPLIST_FILE = YES;
				IPHONEOS_DEPLOYMENT_TARGET = 16.4;
				MARKETING_VERSION = 1.0;
				PRODUCT_BUNDLE_IDENTIFIER = "com.yasha424.tip-calculatorTests";
				PRODUCT_NAME = "$(TARGET_NAME)";
				SWIFT_EMIT_LOC_STRINGS = NO;
				SWIFT_VERSION = 5.0;
				TARGETED_DEVICE_FAMILY = "1,2";
				TEST_HOST = "$(BUILT_PRODUCTS_DIR)/tip-calculator.app/$(BUNDLE_EXECUTABLE_FOLDER_PATH)/tip-calculator";
			};
			name = Debug;
		};
		D3E17B4B2A435315007ED69B /* Release */ = {
			isa = XCBuildConfiguration;
			buildSettings = {
				ALWAYS_EMBED_SWIFT_STANDARD_LIBRARIES = YES;
				BUNDLE_LOADER = "$(TEST_HOST)";
				CODE_SIGN_STYLE = Automatic;
				CURRENT_PROJECT_VERSION = 1;
				DEVELOPMENT_TEAM = V6FC2DVK94;
				GENERATE_INFOPLIST_FILE = YES;
				IPHONEOS_DEPLOYMENT_TARGET = 16.4;
				MARKETING_VERSION = 1.0;
				PRODUCT_BUNDLE_IDENTIFIER = "com.yasha424.tip-calculatorTests";
				PRODUCT_NAME = "$(TARGET_NAME)";
				SWIFT_EMIT_LOC_STRINGS = NO;
				SWIFT_VERSION = 5.0;
				TARGETED_DEVICE_FAMILY = "1,2";
				TEST_HOST = "$(BUILT_PRODUCTS_DIR)/tip-calculator.app/$(BUNDLE_EXECUTABLE_FOLDER_PATH)/tip-calculator";
			};
			name = Release;
		};
		D3E17B4D2A435315007ED69B /* Debug */ = {
			isa = XCBuildConfiguration;
			buildSettings = {
				ALWAYS_EMBED_SWIFT_STANDARD_LIBRARIES = YES;
				CODE_SIGN_STYLE = Automatic;
				CURRENT_PROJECT_VERSION = 1;
				DEVELOPMENT_TEAM = V6FC2DVK94;
				GENERATE_INFOPLIST_FILE = YES;
				MARKETING_VERSION = 1.0;
				PRODUCT_BUNDLE_IDENTIFIER = "com.yasha424.tip-calculatorUITests";
				PRODUCT_NAME = "$(TARGET_NAME)";
				SWIFT_EMIT_LOC_STRINGS = NO;
				SWIFT_VERSION = 5.0;
				TARGETED_DEVICE_FAMILY = "1,2";
				TEST_TARGET_NAME = "tip-calculator";
			};
			name = Debug;
		};
		D3E17B4E2A435315007ED69B /* Release */ = {
			isa = XCBuildConfiguration;
			buildSettings = {
				ALWAYS_EMBED_SWIFT_STANDARD_LIBRARIES = YES;
				CODE_SIGN_STYLE = Automatic;
				CURRENT_PROJECT_VERSION = 1;
				DEVELOPMENT_TEAM = V6FC2DVK94;
				GENERATE_INFOPLIST_FILE = YES;
				MARKETING_VERSION = 1.0;
				PRODUCT_BUNDLE_IDENTIFIER = "com.yasha424.tip-calculatorUITests";
				PRODUCT_NAME = "$(TARGET_NAME)";
				SWIFT_EMIT_LOC_STRINGS = NO;
				SWIFT_VERSION = 5.0;
				TARGETED_DEVICE_FAMILY = "1,2";
				TEST_TARGET_NAME = "tip-calculator";
			};
			name = Release;
		};
/* End XCBuildConfiguration section */

/* Begin XCConfigurationList section */
		D3E17B172A43530F007ED69B /* Build configuration list for PBXProject "tip-calculator" */ = {
			isa = XCConfigurationList;
			buildConfigurations = (
				D3E17B442A435315007ED69B /* Debug */,
				D3E17B452A435315007ED69B /* Release */,
			);
			defaultConfigurationIsVisible = 0;
			defaultConfigurationName = Release;
		};
		D3E17B462A435315007ED69B /* Build configuration list for PBXNativeTarget "tip-calculator" */ = {
			isa = XCConfigurationList;
			buildConfigurations = (
				D3E17B472A435315007ED69B /* Debug */,
				D3E17B482A435315007ED69B /* Release */,
			);
			defaultConfigurationIsVisible = 0;
			defaultConfigurationName = Release;
		};
		D3E17B492A435315007ED69B /* Build configuration list for PBXNativeTarget "tip-calculatorTests" */ = {
			isa = XCConfigurationList;
			buildConfigurations = (
				D3E17B4A2A435315007ED69B /* Debug */,
				D3E17B4B2A435315007ED69B /* Release */,
			);
			defaultConfigurationIsVisible = 0;
			defaultConfigurationName = Release;
		};
		D3E17B4C2A435315007ED69B /* Build configuration list for PBXNativeTarget "tip-calculatorUITests" */ = {
			isa = XCConfigurationList;
			buildConfigurations = (
				D3E17B4D2A435315007ED69B /* Debug */,
				D3E17B4E2A435315007ED69B /* Release */,
			);
			defaultConfigurationIsVisible = 0;
			defaultConfigurationName = Release;
		};
/* End XCConfigurationList section */

/* Begin XCRemoteSwiftPackageReference section */
		D311A9DF2A436D6F00F36FF2 /* XCRemoteSwiftPackageReference "CombineCocoa" */ = {
			isa = XCRemoteSwiftPackageReference;
			repositoryURL = "https://github.com/CombineCommunity/CombineCocoa";
			requirement = {
				kind = upToNextMajorVersion;
				minimumVersion = 0.4.1;
			};
		};
		D311A9E32A436DBC00F36FF2 /* XCRemoteSwiftPackageReference "SnapKit" */ = {
			isa = XCRemoteSwiftPackageReference;
			repositoryURL = "https://github.com/SnapKit/SnapKit";
			requirement = {
				kind = upToNextMajorVersion;
				minimumVersion = 5.6.0;
			};
		};
		D311A9E92A436E3700F36FF2 /* XCRemoteSwiftPackageReference "swift-snapshot-testing" */ = {
			isa = XCRemoteSwiftPackageReference;
			repositoryURL = "https://github.com/pointfreeco/swift-snapshot-testing";
			requirement = {
				kind = upToNextMajorVersion;
				minimumVersion = 1.11.0;
			};
		};
/* End XCRemoteSwiftPackageReference section */

/* Begin XCSwiftPackageProductDependency section */
		D311A9E02A436D6F00F36FF2 /* CombineCocoa */ = {
			isa = XCSwiftPackageProductDependency;
			package = D311A9DF2A436D6F00F36FF2 /* XCRemoteSwiftPackageReference "CombineCocoa" */;
			productName = CombineCocoa;
		};
		D311A9E42A436DBC00F36FF2 /* SnapKit */ = {
			isa = XCSwiftPackageProductDependency;
			package = D311A9E32A436DBC00F36FF2 /* XCRemoteSwiftPackageReference "SnapKit" */;
			productName = SnapKit;
		};
		D311A9E72A436DFD00F36FF2 /* CombineCocoa */ = {
			isa = XCSwiftPackageProductDependency;
			package = D311A9DF2A436D6F00F36FF2 /* XCRemoteSwiftPackageReference "CombineCocoa" */;
			productName = CombineCocoa;
		};
		D311A9EA2A436E3700F36FF2 /* SnapshotTesting */ = {
			isa = XCSwiftPackageProductDependency;
			package = D311A9E92A436E3700F36FF2 /* XCRemoteSwiftPackageReference "swift-snapshot-testing" */;
			productName = SnapshotTesting;
		};
		D311A9EC2A436E4C00F36FF2 /* CombineCocoa */ = {
			isa = XCSwiftPackageProductDependency;
			package = D311A9DF2A436D6F00F36FF2 /* XCRemoteSwiftPackageReference "CombineCocoa" */;
			productName = CombineCocoa;
		};
/* End XCSwiftPackageProductDependency section */
	};
	rootObject = D3E17B142A43530F007ED69B /* Project object */;
}
